
Microsoft Visual Studio Solution File, Format Version 12.00
# Visual Studio Version 17
VisualStudioVersion = 17.7.34024.191
MinimumVisualStudioVersion = 10.0.40219.1
Project("{8BC9CEB8-8B4A-11D0-8D11-00A0C91BC942}") = "LB_9.2.2", "LB_9.2.2\LB_9.2.2.vcxproj", "{96355651-52A9-42BE-BF88-72FD7C4FC080}"
EndProject
Project("{8BC9CEB8-8B4A-11D0-8D11-00A0C91BC942}") = "UnitTest1", "UnitTest1\UnitTest1.vcxproj", "{23FA5C9F-086F-495B-ACE5-CB8D04849262}"
EndProject
Global
	GlobalSection(SolutionConfigurationPlatforms) = preSolution
		Debug|x64 = Debug|x64
		Debug|x86 = Debug|x86
		Release|x64 = Release|x64
		Release|x86 = Release|x86
	EndGlobalSection
	GlobalSection(ProjectConfigurationPlatforms) = postSolution
		{96355651-52A9-42BE-BF88-72FD7C4FC080}.Debug|x64.ActiveCfg = Debug|x64
		{96355651-52A9-42BE-BF88-72FD7C4FC080}.Debug|x64.Build.0 = Debug|x64
		{96355651-52A9-42BE-BF88-72FD7C4FC080}.Debug|x86.ActiveCfg = Debug|Win32
		{96355651-52A9-42BE-BF88-72FD7C4FC080}.Debug|x86.Build.0 = Debug|Win32
		{96355651-52A9-42BE-BF88-72FD7C4FC080}.Release|x64.ActiveCfg = Release|x64
		{96355651-52A9-42BE-BF88-72FD7C4FC080}.Release|x64.Build.0 = Release|x64
		{96355651-52A9-42BE-BF88-72FD7C4FC080}.Release|x86.ActiveCfg = Release|Win32
		{96355651-52A9-42BE-BF88-72FD7C4FC080}.Release|x86.Build.0 = Release|Win32
		{23FA5C9F-086F-495B-ACE5-CB8D04849262}.Debug|x64.ActiveCfg = Debug|x64
		{23FA5C9F-086F-495B-ACE5-CB8D04849262}.Debug|x64.Build.0 = Debug|x64
		{23FA5C9F-086F-495B-ACE5-CB8D04849262}.Debug|x86.ActiveCfg = Debug|Win32
		{23FA5C9F-086F-495B-ACE5-CB8D04849262}.Debug|x86.Build.0 = Debug|Win32
		{23FA5C9F-086F-495B-ACE5-CB8D04849262}.Release|x64.ActiveCfg = Release|x64
		{23FA5C9F-086F-495B-ACE5-CB8D04849262}.Release|x64.Build.0 = Release|x64
		{23FA5C9F-086F-495B-ACE5-CB8D04849262}.Release|x86.ActiveCfg = Release|Win32
		{23FA5C9F-086F-495B-ACE5-CB8D04849262}.Release|x86.Build.0 = Release|Win32
	EndGlobalSection
	GlobalSection(SolutionProperties) = preSolution
		HideSolutionNode = FALSE
	EndGlobalSection
	GlobalSection(ExtensibilityGlobals) = postSolution
		SolutionGuid = {EFECB50C-A18D-4484-A7DA-8AC02C25D3F7}
	EndGlobalSection
EndGlobal
